
Microsoft Visual Studio Solution File, Format Version 12.00
# Visual Studio Version 17
VisualStudioVersion = 17.9.34723.18
MinimumVisualStudioVersion = 10.0.40219.1
Project("{9A19103F-16F7-4668-BE54-9A1E7A4F7556}") = "SP 01. Processes", "SP 01. Processes\SP 01. Processes.csproj", "{5ADF1CBD-4F79-48FE-B681-F5E66D11B830}"
EndProject
Project("{2150E333-8FDC-42A3-9474-1A3956D46DE8}") = "SP 01", "SP 01", "{571F2057-5E64-435D-BC81-727F07605C90}"
EndProject
Project("{2150E333-8FDC-42A3-9474-1A3956D46DE8}") = "SP 02", "SP 02", "{464C7066-5954-4537-88DC-5C25664A99BC}"
EndProject
Project("{FAE04EC0-301F-11D3-BF4B-00C04F79EFBC}") = "SP 02. Threads", "SP 02. Threads\SP 02. Threads.csproj", "{A99E732D-FA66-4E21-BE3B-5F66AF6CDC62}"
EndProject
Project("{FAE04EC0-301F-11D3-BF4B-00C04F79EFBC}") = "SP 02. User Interface Multithreading", "SP 02. User Interface Multithreading\SP 02. User Interface Multithreading.csproj", "{8C4BFB01-FCC3-4BAC-A954-07D0CDE9F97A}"
EndProject
Global
	GlobalSection(SolutionConfigurationPlatforms) = preSolution
		Debug|Any CPU = Debug|Any CPU
		Release|Any CPU = Release|Any CPU
	EndGlobalSection
	GlobalSection(ProjectConfigurationPlatforms) = postSolution
		{5ADF1CBD-4F79-48FE-B681-F5E66D11B830}.Debug|Any CPU.ActiveCfg = Debug|Any CPU
		{5ADF1CBD-4F79-48FE-B681-F5E66D11B830}.Debug|Any CPU.Build.0 = Debug|Any CPU
		{5ADF1CBD-4F79-48FE-B681-F5E66D11B830}.Release|Any CPU.ActiveCfg = Release|Any CPU
		{5ADF1CBD-4F79-48FE-B681-F5E66D11B830}.Release|Any CPU.Build.0 = Release|Any CPU
		{A99E732D-FA66-4E21-BE3B-5F66AF6CDC62}.Debug|Any CPU.ActiveCfg = Debug|Any CPU
		{A99E732D-FA66-4E21-BE3B-5F66AF6CDC62}.Debug|Any CPU.Build.0 = Debug|Any CPU
		{A99E732D-FA66-4E21-BE3B-5F66AF6CDC62}.Release|Any CPU.ActiveCfg = Release|Any CPU
		{A99E732D-FA66-4E21-BE3B-5F66AF6CDC62}.Release|Any CPU.Build.0 = Release|Any CPU
		{8C4BFB01-FCC3-4BAC-A954-07D0CDE9F97A}.Debug|Any CPU.ActiveCfg = Debug|Any CPU
		{8C4BFB01-FCC3-4BAC-A954-07D0CDE9F97A}.Debug|Any CPU.Build.0 = Debug|Any CPU
		{8C4BFB01-FCC3-4BAC-A954-07D0CDE9F97A}.Release|Any CPU.ActiveCfg = Release|Any CPU
		{8C4BFB01-FCC3-4BAC-A954-07D0CDE9F97A}.Release|Any CPU.Build.0 = Release|Any CPU
	EndGlobalSection
	GlobalSection(SolutionProperties) = preSolution
		HideSolutionNode = FALSE
	EndGlobalSection
	GlobalSection(NestedProjects) = preSolution
		{5ADF1CBD-4F79-48FE-B681-F5E66D11B830} = {571F2057-5E64-435D-BC81-727F07605C90}
		{A99E732D-FA66-4E21-BE3B-5F66AF6CDC62} = {464C7066-5954-4537-88DC-5C25664A99BC}
		{8C4BFB01-FCC3-4BAC-A954-07D0CDE9F97A} = {464C7066-5954-4537-88DC-5C25664A99BC}
	EndGlobalSection
	GlobalSection(ExtensibilityGlobals) = postSolution
		SolutionGuid = {60F3740B-0DDB-49EA-BA85-B8DD03BC9387}
	EndGlobalSection
EndGlobal
