
Microsoft Visual Studio Solution File, Format Version 12.00
# Visual Studio Version 17
VisualStudioVersion = 17.9.34723.18
MinimumVisualStudioVersion = 10.0.40219.1
Project("{9A19103F-16F7-4668-BE54-9A1E7A4F7556}") = "SP 01. Processes", "SP 01. Processes\SP 01. Processes.csproj", "{5ADF1CBD-4F79-48FE-B681-F5E66D11B830}"
EndProject
Project("{2150E333-8FDC-42A3-9474-1A3956D46DE8}") = "SP 01", "SP 01", "{571F2057-5E64-435D-BC81-727F07605C90}"
EndProject
Project("{2150E333-8FDC-42A3-9474-1A3956D46DE8}") = "SP 02", "SP 02", "{464C7066-5954-4537-88DC-5C25664A99BC}"
EndProject
Project("{9A19103F-16F7-4668-BE54-9A1E7A4F7556}") = "SP 02. Threads", "SP 02. Threads\SP 02. Threads.csproj", "{A99E732D-FA66-4E21-BE3B-5F66AF6CDC62}"
EndProject
Project("{9A19103F-16F7-4668-BE54-9A1E7A4F7556}") = "SP 02. User Interface Multithreading", "SP 02. User Interface Multithreading\SP 02. User Interface Multithreading.csproj", "{8C4BFB01-FCC3-4BAC-A954-07D0CDE9F97A}"
EndProject
Project("{2150E333-8FDC-42A3-9474-1A3956D46DE8}") = "SP 03", "SP 03", "{4C0C024F-2837-42B3-A836-0FD29F0DF3FC}"
EndProject
Project("{9A19103F-16F7-4668-BE54-9A1E7A4F7556}") = "SP 03. ThreadPool", "SP 03. ThreadPool\SP 03. ThreadPool.csproj", "{C801055B-CE0B-401A-85E9-E1AA92C16B79}"
EndProject
Project("{9A19103F-16F7-4668-BE54-9A1E7A4F7556}") = "SP 03. ThreadPool VS Thread", "SP 03. ThreadPool VS Thread\SP 03. ThreadPool VS Thread.csproj", "{C915AA04-E187-4E03-A79B-F74F32705C85}"
EndProject
Project("{2150E333-8FDC-42A3-9474-1A3956D46DE8}") = "SP 04", "SP 04", "{F8E3CB01-B275-42CA-A80B-81714581AC9C}"
EndProject
Project("{9A19103F-16F7-4668-BE54-9A1E7A4F7556}") = "SP 04. monitor, lock", "SP 04. monitor, lock\SP 04. monitor, lock.csproj", "{4F85FBA4-A02F-49C1-9000-C9E54AB48EEE}"
EndProject
Project("{2150E333-8FDC-42A3-9474-1A3956D46DE8}") = "SP 05", "SP 05", "{6C446733-EEF1-4C67-B053-0D48116603CA}"
EndProject
Project("{9A19103F-16F7-4668-BE54-9A1E7A4F7556}") = "SP 05. Mutex", "SP 05. Mutex\SP 05. Mutex.csproj", "{85E57D3E-705D-4D32-80D2-70347E76FDBC}"
EndProject
Project("{9A19103F-16F7-4668-BE54-9A1E7A4F7556}") = "SP 05. Semaphore, SemaphoreSlim", "SP 05. Semaphore, SemaphoreSlim\SP 05. Semaphore, SemaphoreSlim.csproj", "{015B49A0-32E8-48E9-9D83-DFD76571E3CA}"
EndProject
Project("{9A19103F-16F7-4668-BE54-9A1E7A4F7556}") = "SP 06. Cancellation Token", "SP 06. Cancellation Token\SP 06. Cancellation Token.csproj", "{72B7C2C2-F727-4A85-8C6A-137BEA2E3E82}"
EndProject
Project("{2150E333-8FDC-42A3-9474-1A3956D46DE8}") = "SP 06", "SP 06", "{145D6771-AF9A-4A54-8CA2-D2B31128183D}"
EndProject
Project("{9A19103F-16F7-4668-BE54-9A1E7A4F7556}") = "SP 06. AutoResetEvent", "SP 06. AutoResetEvent\SP 06. AutoResetEvent.csproj", "{B28A3FFE-8CBC-455C-BD5E-7D1E708D8B2C}"
EndProject
Project("{9A19103F-16F7-4668-BE54-9A1E7A4F7556}") = "SP 06. TPL", "SP 06. TPL\SP 06. TPL.csproj", "{A282DB54-8EF7-4170-8A84-0658987B3A24}"
EndProject
Project("{9A19103F-16F7-4668-BE54-9A1E7A4F7556}") = "SP 06. Task Result", "SP 06. Task Result\SP 06. Task Result.csproj", "{E329BA84-B6CF-4310-A3B5-8A96E9D03671}"
EndProject
Project("{9A19103F-16F7-4668-BE54-9A1E7A4F7556}") = "SP 07. Continuations", "SP 07. Continuations\SP 07. Continuations.csproj", "{CC56EC09-4781-401D-B088-BD80A33E76E5}"
EndProject
Project("{2150E333-8FDC-42A3-9474-1A3956D46DE8}") = "SP 07", "SP 07", "{5A1F4D9F-0462-4455-8973-B16D088DA57C}"
EndProject
Project("{9A19103F-16F7-4668-BE54-9A1E7A4F7556}") = "SP 07. Continuations and child task", "SP 07. Continuations and child task\SP 07. Continuations and child task.csproj", "{1B20205A-A74D-4BF2-9B2E-C9BE47C67DB0}"
EndProject
Project("{2150E333-8FDC-42A3-9474-1A3956D46DE8}") = "SP 08", "SP 08", "{E212DC6F-6AD7-4C6C-B28F-CA97A03DD8B1}"
EndProject
Project("{FAE04EC0-301F-11D3-BF4B-00C04F79EFBC}") = "SP 08. async await", "SP 08. async await\SP 08. async await.csproj", "{B02E2AC7-D456-4EE3-B95E-C99B518AC4D8}"
EndProject
Project("{FAE04EC0-301F-11D3-BF4B-00C04F79EFBC}") = "SP 07. AsyncLove", "SP 07. AsyncLove\SP 07. AsyncLove.csproj", "{E032C612-5A3B-4A5A-A80D-9E03698A5812}"
EndProject
Project("{FAE04EC0-301F-11D3-BF4B-00C04F79EFBC}") = "SP 07. AsynInside", "SP 07. AsynInside\SP 07. AsynInside.csproj", "{5FF837E7-32D4-4869-81B6-C9C6F674A82B}"
EndProject
Project("{FAE04EC0-301F-11D3-BF4B-00C04F79EFBC}") = "SP 07. Main Async", "SP 07. Main Async\SP 07. Main Async.csproj", "{DEB60CC0-D433-4523-82F4-FC80455A2557}"
EndProject
Global
	GlobalSection(SolutionConfigurationPlatforms) = preSolution
		Debug|Any CPU = Debug|Any CPU
		Release|Any CPU = Release|Any CPU
	EndGlobalSection
	GlobalSection(ProjectConfigurationPlatforms) = postSolution
		{5ADF1CBD-4F79-48FE-B681-F5E66D11B830}.Debug|Any CPU.ActiveCfg = Debug|Any CPU
		{5ADF1CBD-4F79-48FE-B681-F5E66D11B830}.Debug|Any CPU.Build.0 = Debug|Any CPU
		{5ADF1CBD-4F79-48FE-B681-F5E66D11B830}.Release|Any CPU.ActiveCfg = Release|Any CPU
		{5ADF1CBD-4F79-48FE-B681-F5E66D11B830}.Release|Any CPU.Build.0 = Release|Any CPU
		{A99E732D-FA66-4E21-BE3B-5F66AF6CDC62}.Debug|Any CPU.ActiveCfg = Debug|Any CPU
		{A99E732D-FA66-4E21-BE3B-5F66AF6CDC62}.Debug|Any CPU.Build.0 = Debug|Any CPU
		{A99E732D-FA66-4E21-BE3B-5F66AF6CDC62}.Release|Any CPU.ActiveCfg = Release|Any CPU
		{A99E732D-FA66-4E21-BE3B-5F66AF6CDC62}.Release|Any CPU.Build.0 = Release|Any CPU
		{8C4BFB01-FCC3-4BAC-A954-07D0CDE9F97A}.Debug|Any CPU.ActiveCfg = Debug|Any CPU
		{8C4BFB01-FCC3-4BAC-A954-07D0CDE9F97A}.Debug|Any CPU.Build.0 = Debug|Any CPU
		{8C4BFB01-FCC3-4BAC-A954-07D0CDE9F97A}.Release|Any CPU.ActiveCfg = Release|Any CPU
		{8C4BFB01-FCC3-4BAC-A954-07D0CDE9F97A}.Release|Any CPU.Build.0 = Release|Any CPU
		{C801055B-CE0B-401A-85E9-E1AA92C16B79}.Debug|Any CPU.ActiveCfg = Debug|Any CPU
		{C801055B-CE0B-401A-85E9-E1AA92C16B79}.Debug|Any CPU.Build.0 = Debug|Any CPU
		{C801055B-CE0B-401A-85E9-E1AA92C16B79}.Release|Any CPU.ActiveCfg = Release|Any CPU
		{C801055B-CE0B-401A-85E9-E1AA92C16B79}.Release|Any CPU.Build.0 = Release|Any CPU
		{C915AA04-E187-4E03-A79B-F74F32705C85}.Debug|Any CPU.ActiveCfg = Debug|Any CPU
		{C915AA04-E187-4E03-A79B-F74F32705C85}.Debug|Any CPU.Build.0 = Debug|Any CPU
		{C915AA04-E187-4E03-A79B-F74F32705C85}.Release|Any CPU.ActiveCfg = Release|Any CPU
		{C915AA04-E187-4E03-A79B-F74F32705C85}.Release|Any CPU.Build.0 = Release|Any CPU
		{4F85FBA4-A02F-49C1-9000-C9E54AB48EEE}.Debug|Any CPU.ActiveCfg = Debug|Any CPU
		{4F85FBA4-A02F-49C1-9000-C9E54AB48EEE}.Debug|Any CPU.Build.0 = Debug|Any CPU
		{4F85FBA4-A02F-49C1-9000-C9E54AB48EEE}.Release|Any CPU.ActiveCfg = Release|Any CPU
		{4F85FBA4-A02F-49C1-9000-C9E54AB48EEE}.Release|Any CPU.Build.0 = Release|Any CPU
		{85E57D3E-705D-4D32-80D2-70347E76FDBC}.Debug|Any CPU.ActiveCfg = Debug|Any CPU
		{85E57D3E-705D-4D32-80D2-70347E76FDBC}.Debug|Any CPU.Build.0 = Debug|Any CPU
		{85E57D3E-705D-4D32-80D2-70347E76FDBC}.Release|Any CPU.ActiveCfg = Release|Any CPU
		{85E57D3E-705D-4D32-80D2-70347E76FDBC}.Release|Any CPU.Build.0 = Release|Any CPU
		{015B49A0-32E8-48E9-9D83-DFD76571E3CA}.Debug|Any CPU.ActiveCfg = Debug|Any CPU
		{015B49A0-32E8-48E9-9D83-DFD76571E3CA}.Debug|Any CPU.Build.0 = Debug|Any CPU
		{015B49A0-32E8-48E9-9D83-DFD76571E3CA}.Release|Any CPU.ActiveCfg = Release|Any CPU
		{015B49A0-32E8-48E9-9D83-DFD76571E3CA}.Release|Any CPU.Build.0 = Release|Any CPU
		{72B7C2C2-F727-4A85-8C6A-137BEA2E3E82}.Debug|Any CPU.ActiveCfg = Debug|Any CPU
		{72B7C2C2-F727-4A85-8C6A-137BEA2E3E82}.Debug|Any CPU.Build.0 = Debug|Any CPU
		{72B7C2C2-F727-4A85-8C6A-137BEA2E3E82}.Release|Any CPU.ActiveCfg = Release|Any CPU
		{72B7C2C2-F727-4A85-8C6A-137BEA2E3E82}.Release|Any CPU.Build.0 = Release|Any CPU
		{B28A3FFE-8CBC-455C-BD5E-7D1E708D8B2C}.Debug|Any CPU.ActiveCfg = Debug|Any CPU
		{B28A3FFE-8CBC-455C-BD5E-7D1E708D8B2C}.Debug|Any CPU.Build.0 = Debug|Any CPU
		{B28A3FFE-8CBC-455C-BD5E-7D1E708D8B2C}.Release|Any CPU.ActiveCfg = Release|Any CPU
		{B28A3FFE-8CBC-455C-BD5E-7D1E708D8B2C}.Release|Any CPU.Build.0 = Release|Any CPU
		{A282DB54-8EF7-4170-8A84-0658987B3A24}.Debug|Any CPU.ActiveCfg = Debug|Any CPU
		{A282DB54-8EF7-4170-8A84-0658987B3A24}.Debug|Any CPU.Build.0 = Debug|Any CPU
		{A282DB54-8EF7-4170-8A84-0658987B3A24}.Release|Any CPU.ActiveCfg = Release|Any CPU
		{A282DB54-8EF7-4170-8A84-0658987B3A24}.Release|Any CPU.Build.0 = Release|Any CPU
		{E329BA84-B6CF-4310-A3B5-8A96E9D03671}.Debug|Any CPU.ActiveCfg = Debug|Any CPU
		{E329BA84-B6CF-4310-A3B5-8A96E9D03671}.Debug|Any CPU.Build.0 = Debug|Any CPU
		{E329BA84-B6CF-4310-A3B5-8A96E9D03671}.Release|Any CPU.ActiveCfg = Release|Any CPU
		{E329BA84-B6CF-4310-A3B5-8A96E9D03671}.Release|Any CPU.Build.0 = Release|Any CPU
		{CC56EC09-4781-401D-B088-BD80A33E76E5}.Debug|Any CPU.ActiveCfg = Debug|Any CPU
		{CC56EC09-4781-401D-B088-BD80A33E76E5}.Debug|Any CPU.Build.0 = Debug|Any CPU
		{CC56EC09-4781-401D-B088-BD80A33E76E5}.Release|Any CPU.ActiveCfg = Release|Any CPU
		{CC56EC09-4781-401D-B088-BD80A33E76E5}.Release|Any CPU.Build.0 = Release|Any CPU
		{1B20205A-A74D-4BF2-9B2E-C9BE47C67DB0}.Debug|Any CPU.ActiveCfg = Debug|Any CPU
		{1B20205A-A74D-4BF2-9B2E-C9BE47C67DB0}.Debug|Any CPU.Build.0 = Debug|Any CPU
		{1B20205A-A74D-4BF2-9B2E-C9BE47C67DB0}.Release|Any CPU.ActiveCfg = Release|Any CPU
		{1B20205A-A74D-4BF2-9B2E-C9BE47C67DB0}.Release|Any CPU.Build.0 = Release|Any CPU
		{B02E2AC7-D456-4EE3-B95E-C99B518AC4D8}.Debug|Any CPU.ActiveCfg = Debug|Any CPU
		{B02E2AC7-D456-4EE3-B95E-C99B518AC4D8}.Debug|Any CPU.Build.0 = Debug|Any CPU
		{B02E2AC7-D456-4EE3-B95E-C99B518AC4D8}.Release|Any CPU.ActiveCfg = Release|Any CPU
		{B02E2AC7-D456-4EE3-B95E-C99B518AC4D8}.Release|Any CPU.Build.0 = Release|Any CPU
		{E032C612-5A3B-4A5A-A80D-9E03698A5812}.Debug|Any CPU.ActiveCfg = Debug|Any CPU
		{E032C612-5A3B-4A5A-A80D-9E03698A5812}.Debug|Any CPU.Build.0 = Debug|Any CPU
		{E032C612-5A3B-4A5A-A80D-9E03698A5812}.Release|Any CPU.ActiveCfg = Release|Any CPU
		{E032C612-5A3B-4A5A-A80D-9E03698A5812}.Release|Any CPU.Build.0 = Release|Any CPU
		{5FF837E7-32D4-4869-81B6-C9C6F674A82B}.Debug|Any CPU.ActiveCfg = Debug|Any CPU
		{5FF837E7-32D4-4869-81B6-C9C6F674A82B}.Debug|Any CPU.Build.0 = Debug|Any CPU
		{5FF837E7-32D4-4869-81B6-C9C6F674A82B}.Release|Any CPU.ActiveCfg = Release|Any CPU
		{5FF837E7-32D4-4869-81B6-C9C6F674A82B}.Release|Any CPU.Build.0 = Release|Any CPU
		{DEB60CC0-D433-4523-82F4-FC80455A2557}.Debug|Any CPU.ActiveCfg = Debug|Any CPU
		{DEB60CC0-D433-4523-82F4-FC80455A2557}.Debug|Any CPU.Build.0 = Debug|Any CPU
		{DEB60CC0-D433-4523-82F4-FC80455A2557}.Release|Any CPU.ActiveCfg = Release|Any CPU
		{DEB60CC0-D433-4523-82F4-FC80455A2557}.Release|Any CPU.Build.0 = Release|Any CPU
	EndGlobalSection
	GlobalSection(SolutionProperties) = preSolution
		HideSolutionNode = FALSE
	EndGlobalSection
	GlobalSection(NestedProjects) = preSolution
		{5ADF1CBD-4F79-48FE-B681-F5E66D11B830} = {571F2057-5E64-435D-BC81-727F07605C90}
		{A99E732D-FA66-4E21-BE3B-5F66AF6CDC62} = {464C7066-5954-4537-88DC-5C25664A99BC}
		{8C4BFB01-FCC3-4BAC-A954-07D0CDE9F97A} = {464C7066-5954-4537-88DC-5C25664A99BC}
		{C801055B-CE0B-401A-85E9-E1AA92C16B79} = {4C0C024F-2837-42B3-A836-0FD29F0DF3FC}
		{C915AA04-E187-4E03-A79B-F74F32705C85} = {4C0C024F-2837-42B3-A836-0FD29F0DF3FC}
		{4F85FBA4-A02F-49C1-9000-C9E54AB48EEE} = {F8E3CB01-B275-42CA-A80B-81714581AC9C}
		{85E57D3E-705D-4D32-80D2-70347E76FDBC} = {6C446733-EEF1-4C67-B053-0D48116603CA}
		{015B49A0-32E8-48E9-9D83-DFD76571E3CA} = {6C446733-EEF1-4C67-B053-0D48116603CA}
		{72B7C2C2-F727-4A85-8C6A-137BEA2E3E82} = {145D6771-AF9A-4A54-8CA2-D2B31128183D}
		{B28A3FFE-8CBC-455C-BD5E-7D1E708D8B2C} = {145D6771-AF9A-4A54-8CA2-D2B31128183D}
		{A282DB54-8EF7-4170-8A84-0658987B3A24} = {145D6771-AF9A-4A54-8CA2-D2B31128183D}
		{E329BA84-B6CF-4310-A3B5-8A96E9D03671} = {145D6771-AF9A-4A54-8CA2-D2B31128183D}
		{CC56EC09-4781-401D-B088-BD80A33E76E5} = {5A1F4D9F-0462-4455-8973-B16D088DA57C}
		{1B20205A-A74D-4BF2-9B2E-C9BE47C67DB0} = {5A1F4D9F-0462-4455-8973-B16D088DA57C}
		{B02E2AC7-D456-4EE3-B95E-C99B518AC4D8} = {E212DC6F-6AD7-4C6C-B28F-CA97A03DD8B1}
		{E032C612-5A3B-4A5A-A80D-9E03698A5812} = {E212DC6F-6AD7-4C6C-B28F-CA97A03DD8B1}
		{5FF837E7-32D4-4869-81B6-C9C6F674A82B} = {E212DC6F-6AD7-4C6C-B28F-CA97A03DD8B1}
		{DEB60CC0-D433-4523-82F4-FC80455A2557} = {E212DC6F-6AD7-4C6C-B28F-CA97A03DD8B1}
	EndGlobalSection
	GlobalSection(ExtensibilityGlobals) = postSolution
		SolutionGuid = {60F3740B-0DDB-49EA-BA85-B8DD03BC9387}
	EndGlobalSection
EndGlobal
