
Microsoft Visual Studio Solution File, Format Version 12.00
# Visual Studio Version 17
VisualStudioVersion = 17.9.34723.18
MinimumVisualStudioVersion = 10.0.40219.1
Project("{FAE04EC0-301F-11D3-BF4B-00C04F79EFBC}") = "SP 01. Processes", "SP 01. Processes\SP 01. Processes.csproj", "{5ADF1CBD-4F79-48FE-B681-F5E66D11B830}"
EndProject
Global
	GlobalSection(SolutionConfigurationPlatforms) = preSolution
		Debug|Any CPU = Debug|Any CPU
		Release|Any CPU = Release|Any CPU
	EndGlobalSection
	GlobalSection(ProjectConfigurationPlatforms) = postSolution
		{5ADF1CBD-4F79-48FE-B681-F5E66D11B830}.Debug|Any CPU.ActiveCfg = Debug|Any CPU
		{5ADF1CBD-4F79-48FE-B681-F5E66D11B830}.Debug|Any CPU.Build.0 = Debug|Any CPU
		{5ADF1CBD-4F79-48FE-B681-F5E66D11B830}.Release|Any CPU.ActiveCfg = Release|Any CPU
		{5ADF1CBD-4F79-48FE-B681-F5E66D11B830}.Release|Any CPU.Build.0 = Release|Any CPU
	EndGlobalSection
	GlobalSection(SolutionProperties) = preSolution
		HideSolutionNode = FALSE
	EndGlobalSection
	GlobalSection(ExtensibilityGlobals) = postSolution
		SolutionGuid = {60F3740B-0DDB-49EA-BA85-B8DD03BC9387}
	EndGlobalSection
EndGlobal
